
Microsoft Visual Studio Solution File, Format Version 12.00
# Visual Studio Version 16
VisualStudioVersion = 16.0.29503.13
MinimumVisualStudioVersion = 10.0.40219.1
Project("{2150E333-8FDC-42A3-9474-1A3956D46DE8}") = "ApiGateways", "ApiGateways", "{0D9FACF5-A3F0-4B3C-8997-9CD7320078A2}"
EndProject
Project("{2150E333-8FDC-42A3-9474-1A3956D46DE8}") = "Services", "Services", "{83D98305-CB0B-471D-86A4-54A642E95011}"
EndProject
Project("{FAE04EC0-301F-11D3-BF4B-00C04F79EFBC}") = "Identity", "Identity\Identity.csproj", "{E0EE2A83-B523-4E6B-816A-4418ADB85E66}"
EndProject
Project("{FAE04EC0-301F-11D3-BF4B-00C04F79EFBC}") = "DefaultAPIGateway", "DefaultAPIGateway\DefaultAPIGateway.csproj", "{70B15630-E6B8-45A6-A9F3-B1CDB2308D14}"
EndProject
Project("{2150E333-8FDC-42A3-9474-1A3956D46DE8}") = "Identity", "Identity", "{B655D5DE-BA97-4BD9-9ACB-77A52258D015}"
EndProject
Global
	GlobalSection(SolutionConfigurationPlatforms) = preSolution
		Debug|Any CPU = Debug|Any CPU
		Release|Any CPU = Release|Any CPU
	EndGlobalSection
	GlobalSection(ProjectConfigurationPlatforms) = postSolution
		{E0EE2A83-B523-4E6B-816A-4418ADB85E66}.Debug|Any CPU.ActiveCfg = Debug|Any CPU
		{E0EE2A83-B523-4E6B-816A-4418ADB85E66}.Debug|Any CPU.Build.0 = Debug|Any CPU
		{E0EE2A83-B523-4E6B-816A-4418ADB85E66}.Release|Any CPU.ActiveCfg = Release|Any CPU
		{E0EE2A83-B523-4E6B-816A-4418ADB85E66}.Release|Any CPU.Build.0 = Release|Any CPU
		{70B15630-E6B8-45A6-A9F3-B1CDB2308D14}.Debug|Any CPU.ActiveCfg = Debug|Any CPU
		{70B15630-E6B8-45A6-A9F3-B1CDB2308D14}.Debug|Any CPU.Build.0 = Debug|Any CPU
		{70B15630-E6B8-45A6-A9F3-B1CDB2308D14}.Release|Any CPU.ActiveCfg = Release|Any CPU
		{70B15630-E6B8-45A6-A9F3-B1CDB2308D14}.Release|Any CPU.Build.0 = Release|Any CPU
	EndGlobalSection
	GlobalSection(SolutionProperties) = preSolution
		HideSolutionNode = FALSE
	EndGlobalSection
	GlobalSection(NestedProjects) = preSolution
		{E0EE2A83-B523-4E6B-816A-4418ADB85E66} = {B655D5DE-BA97-4BD9-9ACB-77A52258D015}
		{70B15630-E6B8-45A6-A9F3-B1CDB2308D14} = {0D9FACF5-A3F0-4B3C-8997-9CD7320078A2}
		{B655D5DE-BA97-4BD9-9ACB-77A52258D015} = {83D98305-CB0B-471D-86A4-54A642E95011}
	EndGlobalSection
	GlobalSection(ExtensibilityGlobals) = postSolution
		SolutionGuid = {AC51B006-BEEC-4FF7-8F7E-8E8C281C2C86}
	EndGlobalSection
EndGlobal
